
Microsoft Visual Studio Solution File, Format Version 12.00
Project("{FAE04EC0-301F-11D3-BF4B-00C04F79EFBC}") = "DottApp.WebAPI", "DottApp.WebAPI\DottApp.WebAPI.csproj", "{37FF2EDF-EAB4-4CE8-9DDC-35C1910C4A07}"
EndProject
Project("{FAE04EC0-301F-11D3-BF4B-00C04F79EFBC}") = "DottApp.Client", "DottApp.Client\DottApp.Client.csproj", "{F3256BCC-18F3-4A65-BB4E-BE3741D36F1D}"
EndProject
Global
	GlobalSection(SolutionConfigurationPlatforms) = preSolution
		Debug|Any CPU = Debug|Any CPU
		Release|Any CPU = Release|Any CPU
	EndGlobalSection
	GlobalSection(ProjectConfigurationPlatforms) = postSolution
		{37FF2EDF-EAB4-4CE8-9DDC-35C1910C4A07}.Debug|Any CPU.ActiveCfg = Debug|Any CPU
		{37FF2EDF-EAB4-4CE8-9DDC-35C1910C4A07}.Debug|Any CPU.Build.0 = Debug|Any CPU
		{37FF2EDF-EAB4-4CE8-9DDC-35C1910C4A07}.Release|Any CPU.ActiveCfg = Release|Any CPU
		{37FF2EDF-EAB4-4CE8-9DDC-35C1910C4A07}.Release|Any CPU.Build.0 = Release|Any CPU
		{F3256BCC-18F3-4A65-BB4E-BE3741D36F1D}.Debug|Any CPU.ActiveCfg = Debug|Any CPU
		{F3256BCC-18F3-4A65-BB4E-BE3741D36F1D}.Debug|Any CPU.Build.0 = Debug|Any CPU
		{F3256BCC-18F3-4A65-BB4E-BE3741D36F1D}.Release|Any CPU.ActiveCfg = Release|Any CPU
		{F3256BCC-18F3-4A65-BB4E-BE3741D36F1D}.Release|Any CPU.Build.0 = Release|Any CPU
	EndGlobalSection
EndGlobal
