
Microsoft Visual Studio Solution File, Format Version 12.00
# Visual Studio Version 16
VisualStudioVersion = 16.0.30907.101
MinimumVisualStudioVersion = 10.0.40219.1
Project("{9A19103F-16F7-4668-BE54-9A1E7A4F7556}") = "DottApp.WebAPI", "DottApp.WebAPI\DottApp.WebAPI.csproj", "{37FF2EDF-EAB4-4CE8-9DDC-35C1910C4A07}"
EndProject
Project("{9A19103F-16F7-4668-BE54-9A1E7A4F7556}") = "DottApp.Client", "DottApp.Client\DottApp.Client.csproj", "{F3256BCC-18F3-4A65-BB4E-BE3741D36F1D}"
EndProject
Project("{2150E333-8FDC-42A3-9474-1A3956D46DE8}") = "Libs", "Libs", "{DB600D75-CA28-45B8-B877-F3A2ACAEF249}"
EndProject
Project("{2150E333-8FDC-42A3-9474-1A3956D46DE8}") = "API", "API", "{383A5C47-06F0-4E07-B07C-A1AB50D445C5}"
EndProject
Project("{2150E333-8FDC-42A3-9474-1A3956D46DE8}") = "Client", "Client", "{48B4FCA6-48E2-47C6-88D3-756ACCF5C26C}"
EndProject
Project("{9A19103F-16F7-4668-BE54-9A1E7A4F7556}") = "DottApp.Services.Auth", "Libs\DottApp.Services.Auth\DottApp.Services.Auth.csproj", "{5C7C17E5-DDF2-42E5-87E1-0AD126ABFFE3}"
EndProject
Project("{9A19103F-16F7-4668-BE54-9A1E7A4F7556}") = "DottApp.RsaAesWrapper", "Libs\DottApp.RsaAesWrapper\DottApp.RsaAesWrapper.csproj", "{D010E3AE-62E3-4988-9FE4-B5197F3857B3}"
EndProject
Project("{FAE04EC0-301F-11D3-BF4B-00C04F79EFBC}") = "DottApp.RestWrapper", "Libs\RESTw\DottApp.RestWrapper.csproj", "{821D87A5-89EE-4F8F-8547-86F09646C95E}"
EndProject
Global
	GlobalSection(SolutionConfigurationPlatforms) = preSolution
		Debug|Any CPU = Debug|Any CPU
		Release|Any CPU = Release|Any CPU
	EndGlobalSection
	GlobalSection(ProjectConfigurationPlatforms) = postSolution
		{37FF2EDF-EAB4-4CE8-9DDC-35C1910C4A07}.Debug|Any CPU.ActiveCfg = Debug|Any CPU
		{37FF2EDF-EAB4-4CE8-9DDC-35C1910C4A07}.Debug|Any CPU.Build.0 = Debug|Any CPU
		{37FF2EDF-EAB4-4CE8-9DDC-35C1910C4A07}.Release|Any CPU.ActiveCfg = Release|Any CPU
		{37FF2EDF-EAB4-4CE8-9DDC-35C1910C4A07}.Release|Any CPU.Build.0 = Release|Any CPU
		{F3256BCC-18F3-4A65-BB4E-BE3741D36F1D}.Debug|Any CPU.ActiveCfg = Debug|Any CPU
		{F3256BCC-18F3-4A65-BB4E-BE3741D36F1D}.Debug|Any CPU.Build.0 = Debug|Any CPU
		{F3256BCC-18F3-4A65-BB4E-BE3741D36F1D}.Release|Any CPU.ActiveCfg = Release|Any CPU
		{F3256BCC-18F3-4A65-BB4E-BE3741D36F1D}.Release|Any CPU.Build.0 = Release|Any CPU
		{5C7C17E5-DDF2-42E5-87E1-0AD126ABFFE3}.Debug|Any CPU.ActiveCfg = Debug|Any CPU
		{5C7C17E5-DDF2-42E5-87E1-0AD126ABFFE3}.Debug|Any CPU.Build.0 = Debug|Any CPU
		{5C7C17E5-DDF2-42E5-87E1-0AD126ABFFE3}.Release|Any CPU.ActiveCfg = Release|Any CPU
		{5C7C17E5-DDF2-42E5-87E1-0AD126ABFFE3}.Release|Any CPU.Build.0 = Release|Any CPU
		{D010E3AE-62E3-4988-9FE4-B5197F3857B3}.Debug|Any CPU.ActiveCfg = Debug|Any CPU
		{D010E3AE-62E3-4988-9FE4-B5197F3857B3}.Debug|Any CPU.Build.0 = Debug|Any CPU
		{D010E3AE-62E3-4988-9FE4-B5197F3857B3}.Release|Any CPU.ActiveCfg = Release|Any CPU
		{D010E3AE-62E3-4988-9FE4-B5197F3857B3}.Release|Any CPU.Build.0 = Release|Any CPU
		{821D87A5-89EE-4F8F-8547-86F09646C95E}.Debug|Any CPU.ActiveCfg = Debug|Any CPU
		{821D87A5-89EE-4F8F-8547-86F09646C95E}.Debug|Any CPU.Build.0 = Debug|Any CPU
		{821D87A5-89EE-4F8F-8547-86F09646C95E}.Release|Any CPU.ActiveCfg = Release|Any CPU
		{821D87A5-89EE-4F8F-8547-86F09646C95E}.Release|Any CPU.Build.0 = Release|Any CPU
	EndGlobalSection
	GlobalSection(SolutionProperties) = preSolution
		HideSolutionNode = FALSE
	EndGlobalSection
	GlobalSection(NestedProjects) = preSolution
		{37FF2EDF-EAB4-4CE8-9DDC-35C1910C4A07} = {383A5C47-06F0-4E07-B07C-A1AB50D445C5}
		{F3256BCC-18F3-4A65-BB4E-BE3741D36F1D} = {48B4FCA6-48E2-47C6-88D3-756ACCF5C26C}
		{5C7C17E5-DDF2-42E5-87E1-0AD126ABFFE3} = {DB600D75-CA28-45B8-B877-F3A2ACAEF249}
		{D010E3AE-62E3-4988-9FE4-B5197F3857B3} = {DB600D75-CA28-45B8-B877-F3A2ACAEF249}
		{821D87A5-89EE-4F8F-8547-86F09646C95E} = {DB600D75-CA28-45B8-B877-F3A2ACAEF249}
	EndGlobalSection
	GlobalSection(ExtensibilityGlobals) = postSolution
		SolutionGuid = {67C1564B-4ACD-4A46-A326-DDAE789C9601}
	EndGlobalSection
EndGlobal
